{
  "pins" : [
    {
      "identity" : "shareddatamodels-ios",
      "kind" : "remoteSourceControl",
      "location" : "https://github.com/Tap-Payments/SharedDataModels-iOS.git",
      "state" : {
        "revision" : "fa700f35db4b1e5a2c60b1ea327da79d211cbd29",
        "version" : "0.0.11"
      }
    },
    {
      "identity" : "tapcardvlidatorkit-ios",
      "kind" : "remoteSourceControl",
      "location" : "https://github.com/Tap-Payments/TapCardVlidatorKit-iOS.git",
      "state" : {
        "revision" : "61e2949915e2a210d89a57f450cba54d7aac551f",
        "version" : "1.0.24"
      }
    }
  ],
  "version" : 2
}
